
Microsoft Visual Studio Solution File, Format Version 12.00
# Visual Studio Version 17
VisualStudioVersion = 17.3.32922.545
MinimumVisualStudioVersion = 10.0.40219.1
Project("{9A19103F-16F7-4668-BE54-9A1E7A4F7556}") = "OEC222.OOP", "OEC222.OOP\OEC222.OOP.csproj", "{787F8D60-F9E7-48B2-B426-021D2A470382}"
EndProject
Project("{9A19103F-16F7-4668-BE54-9A1E7A4F7556}") = "OEC222.Lib.Test", "OEC222.Lib.Test\OEC222.Lib.Test.csproj", "{E976D888-726D-4306-ABAD-57D7A23BAD2B}"
EndProject
Project("{9A19103F-16F7-4668-BE54-9A1E7A4F7556}") = "OEC222.Lib", "OEC222.Lib\OEC222.Lib.csproj", "{3AD2BE44-4205-49DA-BC84-73E75A24E765}"
EndProject
Project("{9A19103F-16F7-4668-BE54-9A1E7A4F7556}") = "OEC222.ComplexNumberClient", "OEC222.ComplexNumberClient\OEC222.ComplexNumberClient.csproj", "{37AB0872-7602-4A59-B254-F15BB46F29D2}"
EndProject
Project("{9A19103F-16F7-4668-BE54-9A1E7A4F7556}") = "OEC222.StaticExamples", "OEC222.StaticExample\OEC222.StaticExamples.csproj", "{7836FD92-973C-4568-99BF-A648754C54E3}"
EndProject
Project("{9A19103F-16F7-4668-BE54-9A1E7A4F7556}") = "OEC222.OutRefExample", "OEC222.OutRefExample\OEC222.OutRefExample.csproj", "{194D953C-89E1-42F7-AB74-776ABEDB9ED0}"
EndProject
Project("{9A19103F-16F7-4668-BE54-9A1E7A4F7556}") = "BankAccounts", "BankAccounts\BankAccounts.csproj", "{65AA9697-BBC1-4ADE-8BF2-BC31EE9E347E}"
EndProject
Project("{9A19103F-16F7-4668-BE54-9A1E7A4F7556}") = "DelegateExamples", "DelegateExamples\DelegateExamples.csproj", "{4AD320A5-2F58-44BA-9B57-EC1B2D177A88}"
EndProject
Project("{FAE04EC0-301F-11D3-BF4B-00C04F79EFBC}") = "OEC222.LinqExamples", "OEC222.LinqExamples\OEC222.LinqExamples.csproj", "{A4918A7C-D733-4616-8D93-BDC86A621EA3}"
EndProject
Project("{FAE04EC0-301F-11D3-BF4B-00C04F79EFBC}") = "GenericExample", "GenericExample\GenericExample.csproj", "{88701AEA-53EE-44D6-A074-9E6A6C073A3F}"
EndProject
Project("{FAE04EC0-301F-11D3-BF4B-00C04F79EFBC}") = "OEC222.Conversions", "OEC222.Conversions\OEC222.Conversions.csproj", "{6FD6F054-D072-4D4A-971B-7ADCE6065292}"
EndProject
Project("{FAE04EC0-301F-11D3-BF4B-00C04F79EFBC}") = "OEC222.AsyncExamples", "OEC222.AsyncExamples\OEC222.AsyncExamples.csproj", "{2EB49132-B875-49D4-8ACD-CB0ECDD1474A}"
EndProject
Project("{FAE04EC0-301F-11D3-BF4B-00C04F79EFBC}") = "OEC222.AsyncWinForms", "OEC222.AsyncWinForms\OEC222.AsyncWinForms.csproj", "{5E035DEF-9DE1-4DA1-BF71-F7DE840A594E}"
EndProject
Global
	GlobalSection(SolutionConfigurationPlatforms) = preSolution
		Debug|Any CPU = Debug|Any CPU
		Release|Any CPU = Release|Any CPU
	EndGlobalSection
	GlobalSection(ProjectConfigurationPlatforms) = postSolution
		{787F8D60-F9E7-48B2-B426-021D2A470382}.Debug|Any CPU.ActiveCfg = Debug|Any CPU
		{787F8D60-F9E7-48B2-B426-021D2A470382}.Debug|Any CPU.Build.0 = Debug|Any CPU
		{787F8D60-F9E7-48B2-B426-021D2A470382}.Release|Any CPU.ActiveCfg = Release|Any CPU
		{787F8D60-F9E7-48B2-B426-021D2A470382}.Release|Any CPU.Build.0 = Release|Any CPU
		{E976D888-726D-4306-ABAD-57D7A23BAD2B}.Debug|Any CPU.ActiveCfg = Debug|Any CPU
		{E976D888-726D-4306-ABAD-57D7A23BAD2B}.Debug|Any CPU.Build.0 = Debug|Any CPU
		{E976D888-726D-4306-ABAD-57D7A23BAD2B}.Release|Any CPU.ActiveCfg = Release|Any CPU
		{E976D888-726D-4306-ABAD-57D7A23BAD2B}.Release|Any CPU.Build.0 = Release|Any CPU
		{3AD2BE44-4205-49DA-BC84-73E75A24E765}.Debug|Any CPU.ActiveCfg = Debug|Any CPU
		{3AD2BE44-4205-49DA-BC84-73E75A24E765}.Debug|Any CPU.Build.0 = Debug|Any CPU
		{3AD2BE44-4205-49DA-BC84-73E75A24E765}.Release|Any CPU.ActiveCfg = Release|Any CPU
		{3AD2BE44-4205-49DA-BC84-73E75A24E765}.Release|Any CPU.Build.0 = Release|Any CPU
		{37AB0872-7602-4A59-B254-F15BB46F29D2}.Debug|Any CPU.ActiveCfg = Debug|Any CPU
		{37AB0872-7602-4A59-B254-F15BB46F29D2}.Debug|Any CPU.Build.0 = Debug|Any CPU
		{37AB0872-7602-4A59-B254-F15BB46F29D2}.Release|Any CPU.ActiveCfg = Release|Any CPU
		{37AB0872-7602-4A59-B254-F15BB46F29D2}.Release|Any CPU.Build.0 = Release|Any CPU
		{7836FD92-973C-4568-99BF-A648754C54E3}.Debug|Any CPU.ActiveCfg = Debug|Any CPU
		{7836FD92-973C-4568-99BF-A648754C54E3}.Debug|Any CPU.Build.0 = Debug|Any CPU
		{7836FD92-973C-4568-99BF-A648754C54E3}.Release|Any CPU.ActiveCfg = Release|Any CPU
		{7836FD92-973C-4568-99BF-A648754C54E3}.Release|Any CPU.Build.0 = Release|Any CPU
		{194D953C-89E1-42F7-AB74-776ABEDB9ED0}.Debug|Any CPU.ActiveCfg = Debug|Any CPU
		{194D953C-89E1-42F7-AB74-776ABEDB9ED0}.Debug|Any CPU.Build.0 = Debug|Any CPU
		{194D953C-89E1-42F7-AB74-776ABEDB9ED0}.Release|Any CPU.ActiveCfg = Release|Any CPU
		{194D953C-89E1-42F7-AB74-776ABEDB9ED0}.Release|Any CPU.Build.0 = Release|Any CPU
		{65AA9697-BBC1-4ADE-8BF2-BC31EE9E347E}.Debug|Any CPU.ActiveCfg = Debug|Any CPU
		{65AA9697-BBC1-4ADE-8BF2-BC31EE9E347E}.Debug|Any CPU.Build.0 = Debug|Any CPU
		{65AA9697-BBC1-4ADE-8BF2-BC31EE9E347E}.Release|Any CPU.ActiveCfg = Release|Any CPU
		{65AA9697-BBC1-4ADE-8BF2-BC31EE9E347E}.Release|Any CPU.Build.0 = Release|Any CPU
		{4AD320A5-2F58-44BA-9B57-EC1B2D177A88}.Debug|Any CPU.ActiveCfg = Debug|Any CPU
		{4AD320A5-2F58-44BA-9B57-EC1B2D177A88}.Debug|Any CPU.Build.0 = Debug|Any CPU
		{4AD320A5-2F58-44BA-9B57-EC1B2D177A88}.Release|Any CPU.ActiveCfg = Release|Any CPU
		{4AD320A5-2F58-44BA-9B57-EC1B2D177A88}.Release|Any CPU.Build.0 = Release|Any CPU
		{A4918A7C-D733-4616-8D93-BDC86A621EA3}.Debug|Any CPU.ActiveCfg = Debug|Any CPU
		{A4918A7C-D733-4616-8D93-BDC86A621EA3}.Debug|Any CPU.Build.0 = Debug|Any CPU
		{A4918A7C-D733-4616-8D93-BDC86A621EA3}.Release|Any CPU.ActiveCfg = Release|Any CPU
		{A4918A7C-D733-4616-8D93-BDC86A621EA3}.Release|Any CPU.Build.0 = Release|Any CPU
		{88701AEA-53EE-44D6-A074-9E6A6C073A3F}.Debug|Any CPU.ActiveCfg = Debug|Any CPU
		{88701AEA-53EE-44D6-A074-9E6A6C073A3F}.Debug|Any CPU.Build.0 = Debug|Any CPU
		{88701AEA-53EE-44D6-A074-9E6A6C073A3F}.Release|Any CPU.ActiveCfg = Release|Any CPU
		{88701AEA-53EE-44D6-A074-9E6A6C073A3F}.Release|Any CPU.Build.0 = Release|Any CPU
		{6FD6F054-D072-4D4A-971B-7ADCE6065292}.Debug|Any CPU.ActiveCfg = Debug|Any CPU
		{6FD6F054-D072-4D4A-971B-7ADCE6065292}.Debug|Any CPU.Build.0 = Debug|Any CPU
		{6FD6F054-D072-4D4A-971B-7ADCE6065292}.Release|Any CPU.ActiveCfg = Release|Any CPU
		{6FD6F054-D072-4D4A-971B-7ADCE6065292}.Release|Any CPU.Build.0 = Release|Any CPU
		{2EB49132-B875-49D4-8ACD-CB0ECDD1474A}.Debug|Any CPU.ActiveCfg = Debug|Any CPU
		{2EB49132-B875-49D4-8ACD-CB0ECDD1474A}.Debug|Any CPU.Build.0 = Debug|Any CPU
		{2EB49132-B875-49D4-8ACD-CB0ECDD1474A}.Release|Any CPU.ActiveCfg = Release|Any CPU
		{2EB49132-B875-49D4-8ACD-CB0ECDD1474A}.Release|Any CPU.Build.0 = Release|Any CPU
		{5E035DEF-9DE1-4DA1-BF71-F7DE840A594E}.Debug|Any CPU.ActiveCfg = Debug|Any CPU
		{5E035DEF-9DE1-4DA1-BF71-F7DE840A594E}.Debug|Any CPU.Build.0 = Debug|Any CPU
		{5E035DEF-9DE1-4DA1-BF71-F7DE840A594E}.Release|Any CPU.ActiveCfg = Release|Any CPU
		{5E035DEF-9DE1-4DA1-BF71-F7DE840A594E}.Release|Any CPU.Build.0 = Release|Any CPU
	EndGlobalSection
	GlobalSection(SolutionProperties) = preSolution
		HideSolutionNode = FALSE
	EndGlobalSection
	GlobalSection(ExtensibilityGlobals) = postSolution
		SolutionGuid = {7AD73B8E-E11B-4766-B8C8-91BC0190AF88}
	EndGlobalSection
EndGlobal
